
Microsoft Visual Studio Solution File, Format Version 12.00
# Visual Studio Version 17
VisualStudioVersion = 17.3.32901.215
MinimumVisualStudioVersion = 10.0.40219.1
Project("{FAE04EC0-301F-11D3-BF4B-00C04F79EFBC}") = "Module04.2", "Module04.2\Module04.2.csproj", "{9B446581-1CB7-4B01-A063-34B65FC72F80}"
EndProject
Global
	GlobalSection(SolutionConfigurationPlatforms) = preSolution
		Debug|Any CPU = Debug|Any CPU
		Release|Any CPU = Release|Any CPU
	EndGlobalSection
	GlobalSection(ProjectConfigurationPlatforms) = postSolution
		{9B446581-1CB7-4B01-A063-34B65FC72F80}.Debug|Any CPU.ActiveCfg = Debug|Any CPU
		{9B446581-1CB7-4B01-A063-34B65FC72F80}.Debug|Any CPU.Build.0 = Debug|Any CPU
		{9B446581-1CB7-4B01-A063-34B65FC72F80}.Release|Any CPU.ActiveCfg = Release|Any CPU
		{9B446581-1CB7-4B01-A063-34B65FC72F80}.Release|Any CPU.Build.0 = Release|Any CPU
	EndGlobalSection
	GlobalSection(SolutionProperties) = preSolution
		HideSolutionNode = FALSE
	EndGlobalSection
	GlobalSection(ExtensibilityGlobals) = postSolution
		SolutionGuid = {107B49FE-A016-47A7-92A1-22349AD2963C}
	EndGlobalSection
EndGlobal
